
Microsoft Visual Studio Solution File, Format Version 11.00
# Visual Studio 2010
Project("{FAE04EC0-301F-11D3-BF4B-00C04F79EFBC}") = "EMU7800.SL", "EMU7800.SL.csproj", "{4180F32E-8436-4FF6-BFEC-62D243AF6FA0}"
EndProject
Project("{FAE04EC0-301F-11D3-BF4B-00C04F79EFBC}") = "EMU7800.Core.SL", "..\EMU7800.Core\EMU7800.Core.SL.csproj", "{0A21D183-B585-4119-8602-5080D34D284E}"
EndProject
Global
	GlobalSection(SolutionConfigurationPlatforms) = preSolution
		Debug|Any CPU = Debug|Any CPU
		Release|Any CPU = Release|Any CPU
	EndGlobalSection
	GlobalSection(ProjectConfigurationPlatforms) = postSolution
		{4180F32E-8436-4FF6-BFEC-62D243AF6FA0}.Debug|Any CPU.ActiveCfg = Debug|Any CPU
		{4180F32E-8436-4FF6-BFEC-62D243AF6FA0}.Debug|Any CPU.Build.0 = Debug|Any CPU
		{4180F32E-8436-4FF6-BFEC-62D243AF6FA0}.Release|Any CPU.ActiveCfg = Release|Any CPU
		{4180F32E-8436-4FF6-BFEC-62D243AF6FA0}.Release|Any CPU.Build.0 = Release|Any CPU
		{0A21D183-B585-4119-8602-5080D34D284E}.Debug|Any CPU.ActiveCfg = Debug|Any CPU
		{0A21D183-B585-4119-8602-5080D34D284E}.Debug|Any CPU.Build.0 = Debug|Any CPU
		{0A21D183-B585-4119-8602-5080D34D284E}.Release|Any CPU.ActiveCfg = Release|Any CPU
		{0A21D183-B585-4119-8602-5080D34D284E}.Release|Any CPU.Build.0 = Release|Any CPU
	EndGlobalSection
	GlobalSection(SolutionProperties) = preSolution
		HideSolutionNode = FALSE
	EndGlobalSection
EndGlobal
