
Microsoft Visual Studio Solution File, Format Version 12.00
# Visual Studio Version 16
VisualStudioVersion = 16.0.30709.64
MinimumVisualStudioVersion = 10.0.40219.1
Project("{9A19103F-16F7-4668-BE54-9A1E7A4F7556}") = "EMU7800.Launcher", "EMU7800.Launcher.csproj", "{7274D60F-81B1-47C3-ACC6-8942A3BF8496}"
EndProject
Project("{9A19103F-16F7-4668-BE54-9A1E7A4F7556}") = "EMU7800.Core", "..\..\core\EMU7800.Core.csproj", "{CAFFA983-819F-4016-AEEF-8BBDBD197986}"
EndProject
Project("{9A19103F-16F7-4668-BE54-9A1E7A4F7556}") = "EMU7800.Shell", "..\..\shell\EMU7800.Shell.csproj", "{842D0D62-CEF4-4A0B-8ABD-7E42E7395EA4}"
EndProject
Project("{8BC9CEB8-8B4A-11D0-8D11-00A0C91BC942}") = "EMU7800.Win32.Interop.v142", "..\..\shell.win32.interop\EMU7800.Win32.Interop.v142.vcxproj", "{6199F126-6489-4778-A320-4712BE423520}"
EndProject
Global
	GlobalSection(SolutionConfigurationPlatforms) = preSolution
		Debug|Any CPU = Debug|Any CPU
		Debug|x64 = Debug|x64
		Profile|Any CPU = Profile|Any CPU
		Profile|x64 = Profile|x64
		Release|Any CPU = Release|Any CPU
		Release|x64 = Release|x64
	EndGlobalSection
	GlobalSection(ProjectConfigurationPlatforms) = postSolution
		{7274D60F-81B1-47C3-ACC6-8942A3BF8496}.Debug|Any CPU.ActiveCfg = Debug|Any CPU
		{7274D60F-81B1-47C3-ACC6-8942A3BF8496}.Debug|Any CPU.Build.0 = Debug|Any CPU
		{7274D60F-81B1-47C3-ACC6-8942A3BF8496}.Debug|x64.ActiveCfg = Debug|Any CPU
		{7274D60F-81B1-47C3-ACC6-8942A3BF8496}.Debug|x64.Build.0 = Debug|Any CPU
		{7274D60F-81B1-47C3-ACC6-8942A3BF8496}.Profile|Any CPU.ActiveCfg = Debug|Any CPU
		{7274D60F-81B1-47C3-ACC6-8942A3BF8496}.Profile|Any CPU.Build.0 = Debug|Any CPU
		{7274D60F-81B1-47C3-ACC6-8942A3BF8496}.Profile|x64.ActiveCfg = Debug|Any CPU
		{7274D60F-81B1-47C3-ACC6-8942A3BF8496}.Profile|x64.Build.0 = Debug|Any CPU
		{7274D60F-81B1-47C3-ACC6-8942A3BF8496}.Release|Any CPU.ActiveCfg = Release|Any CPU
		{7274D60F-81B1-47C3-ACC6-8942A3BF8496}.Release|Any CPU.Build.0 = Release|Any CPU
		{7274D60F-81B1-47C3-ACC6-8942A3BF8496}.Release|x64.ActiveCfg = Release|Any CPU
		{7274D60F-81B1-47C3-ACC6-8942A3BF8496}.Release|x64.Build.0 = Release|Any CPU
		{CAFFA983-819F-4016-AEEF-8BBDBD197986}.Debug|Any CPU.ActiveCfg = Debug|Any CPU
		{CAFFA983-819F-4016-AEEF-8BBDBD197986}.Debug|Any CPU.Build.0 = Debug|Any CPU
		{CAFFA983-819F-4016-AEEF-8BBDBD197986}.Debug|x64.ActiveCfg = Debug|Any CPU
		{CAFFA983-819F-4016-AEEF-8BBDBD197986}.Debug|x64.Build.0 = Debug|Any CPU
		{CAFFA983-819F-4016-AEEF-8BBDBD197986}.Profile|Any CPU.ActiveCfg = Debug|Any CPU
		{CAFFA983-819F-4016-AEEF-8BBDBD197986}.Profile|Any CPU.Build.0 = Debug|Any CPU
		{CAFFA983-819F-4016-AEEF-8BBDBD197986}.Profile|x64.ActiveCfg = Debug|Any CPU
		{CAFFA983-819F-4016-AEEF-8BBDBD197986}.Profile|x64.Build.0 = Debug|Any CPU
		{CAFFA983-819F-4016-AEEF-8BBDBD197986}.Release|Any CPU.ActiveCfg = Release|Any CPU
		{CAFFA983-819F-4016-AEEF-8BBDBD197986}.Release|Any CPU.Build.0 = Release|Any CPU
		{CAFFA983-819F-4016-AEEF-8BBDBD197986}.Release|x64.ActiveCfg = Release|Any CPU
		{CAFFA983-819F-4016-AEEF-8BBDBD197986}.Release|x64.Build.0 = Release|Any CPU
		{842D0D62-CEF4-4A0B-8ABD-7E42E7395EA4}.Debug|Any CPU.ActiveCfg = Debug|Any CPU
		{842D0D62-CEF4-4A0B-8ABD-7E42E7395EA4}.Debug|Any CPU.Build.0 = Debug|Any CPU
		{842D0D62-CEF4-4A0B-8ABD-7E42E7395EA4}.Debug|x64.ActiveCfg = Debug|Any CPU
		{842D0D62-CEF4-4A0B-8ABD-7E42E7395EA4}.Debug|x64.Build.0 = Debug|Any CPU
		{842D0D62-CEF4-4A0B-8ABD-7E42E7395EA4}.Profile|Any CPU.ActiveCfg = Debug|Any CPU
		{842D0D62-CEF4-4A0B-8ABD-7E42E7395EA4}.Profile|Any CPU.Build.0 = Debug|Any CPU
		{842D0D62-CEF4-4A0B-8ABD-7E42E7395EA4}.Profile|x64.ActiveCfg = Debug|Any CPU
		{842D0D62-CEF4-4A0B-8ABD-7E42E7395EA4}.Profile|x64.Build.0 = Debug|Any CPU
		{842D0D62-CEF4-4A0B-8ABD-7E42E7395EA4}.Release|Any CPU.ActiveCfg = Release|Any CPU
		{842D0D62-CEF4-4A0B-8ABD-7E42E7395EA4}.Release|Any CPU.Build.0 = Release|Any CPU
		{842D0D62-CEF4-4A0B-8ABD-7E42E7395EA4}.Release|x64.ActiveCfg = Release|Any CPU
		{842D0D62-CEF4-4A0B-8ABD-7E42E7395EA4}.Release|x64.Build.0 = Release|Any CPU
		{6199F126-6489-4778-A320-4712BE423520}.Debug|Any CPU.ActiveCfg = Debug|x64
		{6199F126-6489-4778-A320-4712BE423520}.Debug|Any CPU.Build.0 = Debug|x64
		{6199F126-6489-4778-A320-4712BE423520}.Debug|x64.ActiveCfg = Debug|x64
		{6199F126-6489-4778-A320-4712BE423520}.Debug|x64.Build.0 = Debug|x64
		{6199F126-6489-4778-A320-4712BE423520}.Profile|Any CPU.ActiveCfg = Profile|x64
		{6199F126-6489-4778-A320-4712BE423520}.Profile|Any CPU.Build.0 = Profile|x64
		{6199F126-6489-4778-A320-4712BE423520}.Profile|x64.ActiveCfg = Profile|x64
		{6199F126-6489-4778-A320-4712BE423520}.Profile|x64.Build.0 = Profile|x64
		{6199F126-6489-4778-A320-4712BE423520}.Release|Any CPU.ActiveCfg = Release|x64
		{6199F126-6489-4778-A320-4712BE423520}.Release|Any CPU.Build.0 = Release|x64
		{6199F126-6489-4778-A320-4712BE423520}.Release|x64.ActiveCfg = Release|x64
		{6199F126-6489-4778-A320-4712BE423520}.Release|x64.Build.0 = Release|x64
	EndGlobalSection
	GlobalSection(SolutionProperties) = preSolution
		HideSolutionNode = FALSE
	EndGlobalSection
	GlobalSection(ExtensibilityGlobals) = postSolution
		SolutionGuid = {3DBDF0F3-0F40-40A1-AE08-EF88EBAE8225}
	EndGlobalSection
EndGlobal
