
Microsoft Visual Studio Solution File, Format Version 12.00
# Visual Studio 2012
Project("{FAE04EC0-301F-11D3-BF4B-00C04F79EFBC}") = "EMU7800.Win", "EMU7800.Win.csproj", "{74747A70-9E2D-4BC1-9587-00A3DFA15995}"
	ProjectSection(ProjectDependencies) = postProject
		{B49DD445-4031-47E6-89C1-CABD18C717C5} = {B49DD445-4031-47E6-89C1-CABD18C717C5}
	EndProjectSection
EndProject
Project("{8BC9CEB8-8B4A-11D0-8D11-00A0C91BC942}") = "EMU7800.DirectX", "DirectX\Unmanaged\EMU7800.DirectX.vcxproj", "{B49DD445-4031-47E6-89C1-CABD18C717C5}"
EndProject
Project("{FAE04EC0-301F-11D3-BF4B-00C04F79EFBC}") = "EMU7800.Core", "..\EMU7800.Core\EMU7800.Core.csproj", "{75E76CE4-80D3-4CEE-836D-CB5120DA1806}"
EndProject
Global
	GlobalSection(SolutionConfigurationPlatforms) = preSolution
		Debug|x64 = Debug|x64
		Debug|x86 = Debug|x86
		Release|x64 = Release|x64
		Release|x86 = Release|x86
	EndGlobalSection
	GlobalSection(ProjectConfigurationPlatforms) = postSolution
		{74747A70-9E2D-4BC1-9587-00A3DFA15995}.Debug|x64.ActiveCfg = Debug|x64
		{74747A70-9E2D-4BC1-9587-00A3DFA15995}.Debug|x64.Build.0 = Debug|x64
		{74747A70-9E2D-4BC1-9587-00A3DFA15995}.Debug|x86.ActiveCfg = Debug|x86
		{74747A70-9E2D-4BC1-9587-00A3DFA15995}.Debug|x86.Build.0 = Debug|x86
		{74747A70-9E2D-4BC1-9587-00A3DFA15995}.Release|x64.ActiveCfg = Release|x64
		{74747A70-9E2D-4BC1-9587-00A3DFA15995}.Release|x64.Build.0 = Release|x64
		{74747A70-9E2D-4BC1-9587-00A3DFA15995}.Release|x86.ActiveCfg = Release|x86
		{74747A70-9E2D-4BC1-9587-00A3DFA15995}.Release|x86.Build.0 = Release|x86
		{B49DD445-4031-47E6-89C1-CABD18C717C5}.Debug|x64.ActiveCfg = Debug|x64
		{B49DD445-4031-47E6-89C1-CABD18C717C5}.Debug|x64.Build.0 = Debug|x64
		{B49DD445-4031-47E6-89C1-CABD18C717C5}.Debug|x86.ActiveCfg = Debug|Win32
		{B49DD445-4031-47E6-89C1-CABD18C717C5}.Debug|x86.Build.0 = Debug|Win32
		{B49DD445-4031-47E6-89C1-CABD18C717C5}.Release|x64.ActiveCfg = Release|x64
		{B49DD445-4031-47E6-89C1-CABD18C717C5}.Release|x64.Build.0 = Release|x64
		{B49DD445-4031-47E6-89C1-CABD18C717C5}.Release|x86.ActiveCfg = Release|Win32
		{B49DD445-4031-47E6-89C1-CABD18C717C5}.Release|x86.Build.0 = Release|Win32
		{75E76CE4-80D3-4CEE-836D-CB5120DA1806}.Debug|x64.ActiveCfg = Debug|Any CPU
		{75E76CE4-80D3-4CEE-836D-CB5120DA1806}.Debug|x64.Build.0 = Debug|Any CPU
		{75E76CE4-80D3-4CEE-836D-CB5120DA1806}.Debug|x86.ActiveCfg = Debug|Any CPU
		{75E76CE4-80D3-4CEE-836D-CB5120DA1806}.Debug|x86.Build.0 = Debug|Any CPU
		{75E76CE4-80D3-4CEE-836D-CB5120DA1806}.Release|x64.ActiveCfg = Release|Any CPU
		{75E76CE4-80D3-4CEE-836D-CB5120DA1806}.Release|x64.Build.0 = Release|Any CPU
		{75E76CE4-80D3-4CEE-836D-CB5120DA1806}.Release|x86.ActiveCfg = Release|Any CPU
		{75E76CE4-80D3-4CEE-836D-CB5120DA1806}.Release|x86.Build.0 = Release|Any CPU
	EndGlobalSection
	GlobalSection(SolutionProperties) = preSolution
		HideSolutionNode = FALSE
	EndGlobalSection
EndGlobal
