Microsoft Visual Studio Solution File, Format Version 12.00
# Visual Studio 2013
VisualStudioVersion = 12.0.30324.0
MinimumVisualStudioVersion = 10.0.40219.1
Project("{FAE04EC0-301F-11D3-BF4B-00C04F79EFBC}") = "EMU7800.WP8", "EMU7800.WP8\EMU7800.WP8.csproj", "{6D880451-3E1D-4C3B-8365-DEB7A65F9BCD}"
EndProject
Project("{8BC9CEB8-8B4A-11D0-8D11-00A0C91BC942}") = "EMU7800.WP8.Interop", "EMU7800.WP8.Interop\EMU7800.WP8.Interop.vcxproj", "{64079D32-6E79-4219-BDBF-F13602923F21}"
EndProject
Project("{FAE04EC0-301F-11D3-BF4B-00C04F79EFBC}") = "EMU7800.Core.WP8", "..\EMU7800.Core\EMU7800.Core.WP8.csproj", "{75BF18F3-B59B-41EE-9D25-3065918AEDF7}"
EndProject
Project("{8BC9CEB8-8B4A-11D0-8D11-00A0C91BC942}") = "DirectXTK_WindowsPhone8", "EMU7800.WP8.Interop\DirectXTK\DirectXTK_WindowsPhone8.vcxproj", "{E0B52AE7-E160-4D32-BF3F-910B785E5A8E}"
EndProject
Global
	GlobalSection(SolutionConfigurationPlatforms) = preSolution
		Debug|ARM = Debug|ARM
		Debug|x86 = Debug|x86
		Profile|ARM = Profile|ARM
		Profile|x86 = Profile|x86
		Release|ARM = Release|ARM
		Release|x86 = Release|x86
	EndGlobalSection
	GlobalSection(ProjectConfigurationPlatforms) = postSolution
		{6D880451-3E1D-4C3B-8365-DEB7A65F9BCD}.Debug|ARM.ActiveCfg = Debug|ARM
		{6D880451-3E1D-4C3B-8365-DEB7A65F9BCD}.Debug|ARM.Build.0 = Debug|ARM
		{6D880451-3E1D-4C3B-8365-DEB7A65F9BCD}.Debug|ARM.Deploy.0 = Debug|ARM
		{6D880451-3E1D-4C3B-8365-DEB7A65F9BCD}.Debug|x86.ActiveCfg = Debug|x86
		{6D880451-3E1D-4C3B-8365-DEB7A65F9BCD}.Debug|x86.Build.0 = Debug|x86
		{6D880451-3E1D-4C3B-8365-DEB7A65F9BCD}.Debug|x86.Deploy.0 = Debug|x86
		{6D880451-3E1D-4C3B-8365-DEB7A65F9BCD}.Profile|ARM.ActiveCfg = Profile|ARM
		{6D880451-3E1D-4C3B-8365-DEB7A65F9BCD}.Profile|ARM.Build.0 = Profile|ARM
		{6D880451-3E1D-4C3B-8365-DEB7A65F9BCD}.Profile|ARM.Deploy.0 = Profile|ARM
		{6D880451-3E1D-4C3B-8365-DEB7A65F9BCD}.Profile|x86.ActiveCfg = Profile|x86
		{6D880451-3E1D-4C3B-8365-DEB7A65F9BCD}.Profile|x86.Build.0 = Profile|x86
		{6D880451-3E1D-4C3B-8365-DEB7A65F9BCD}.Profile|x86.Deploy.0 = Profile|x86
		{6D880451-3E1D-4C3B-8365-DEB7A65F9BCD}.Release|ARM.ActiveCfg = Release|ARM
		{6D880451-3E1D-4C3B-8365-DEB7A65F9BCD}.Release|ARM.Build.0 = Release|ARM
		{6D880451-3E1D-4C3B-8365-DEB7A65F9BCD}.Release|ARM.Deploy.0 = Release|ARM
		{6D880451-3E1D-4C3B-8365-DEB7A65F9BCD}.Release|x86.ActiveCfg = Release|x86
		{6D880451-3E1D-4C3B-8365-DEB7A65F9BCD}.Release|x86.Build.0 = Release|x86
		{6D880451-3E1D-4C3B-8365-DEB7A65F9BCD}.Release|x86.Deploy.0 = Release|x86
		{64079D32-6E79-4219-BDBF-F13602923F21}.Debug|ARM.ActiveCfg = Debug|ARM
		{64079D32-6E79-4219-BDBF-F13602923F21}.Debug|ARM.Build.0 = Debug|ARM
		{64079D32-6E79-4219-BDBF-F13602923F21}.Debug|x86.ActiveCfg = Debug|Win32
		{64079D32-6E79-4219-BDBF-F13602923F21}.Debug|x86.Build.0 = Debug|Win32
		{64079D32-6E79-4219-BDBF-F13602923F21}.Debug|x86.Deploy.0 = Debug|Win32
		{64079D32-6E79-4219-BDBF-F13602923F21}.Profile|ARM.ActiveCfg = Profile|ARM
		{64079D32-6E79-4219-BDBF-F13602923F21}.Profile|ARM.Build.0 = Profile|ARM
		{64079D32-6E79-4219-BDBF-F13602923F21}.Profile|x86.ActiveCfg = Profile|Win32
		{64079D32-6E79-4219-BDBF-F13602923F21}.Profile|x86.Build.0 = Profile|Win32
		{64079D32-6E79-4219-BDBF-F13602923F21}.Release|ARM.ActiveCfg = Release|ARM
		{64079D32-6E79-4219-BDBF-F13602923F21}.Release|ARM.Build.0 = Release|ARM
		{64079D32-6E79-4219-BDBF-F13602923F21}.Release|x86.ActiveCfg = Release|Win32
		{64079D32-6E79-4219-BDBF-F13602923F21}.Release|x86.Build.0 = Release|Win32
		{75BF18F3-B59B-41EE-9D25-3065918AEDF7}.Debug|ARM.ActiveCfg = Debug|ARM
		{75BF18F3-B59B-41EE-9D25-3065918AEDF7}.Debug|ARM.Build.0 = Debug|ARM
		{75BF18F3-B59B-41EE-9D25-3065918AEDF7}.Debug|x86.ActiveCfg = Debug|x86
		{75BF18F3-B59B-41EE-9D25-3065918AEDF7}.Debug|x86.Build.0 = Debug|x86
		{75BF18F3-B59B-41EE-9D25-3065918AEDF7}.Profile|ARM.ActiveCfg = Release|ARM
		{75BF18F3-B59B-41EE-9D25-3065918AEDF7}.Profile|ARM.Build.0 = Release|ARM
		{75BF18F3-B59B-41EE-9D25-3065918AEDF7}.Profile|x86.ActiveCfg = Release|x86
		{75BF18F3-B59B-41EE-9D25-3065918AEDF7}.Profile|x86.Build.0 = Release|x86
		{75BF18F3-B59B-41EE-9D25-3065918AEDF7}.Release|ARM.ActiveCfg = Release|ARM
		{75BF18F3-B59B-41EE-9D25-3065918AEDF7}.Release|ARM.Build.0 = Release|ARM
		{75BF18F3-B59B-41EE-9D25-3065918AEDF7}.Release|x86.ActiveCfg = Release|x86
		{75BF18F3-B59B-41EE-9D25-3065918AEDF7}.Release|x86.Build.0 = Release|x86
		{E0B52AE7-E160-4D32-BF3F-910B785E5A8E}.Debug|ARM.ActiveCfg = Debug|ARM
		{E0B52AE7-E160-4D32-BF3F-910B785E5A8E}.Debug|ARM.Build.0 = Debug|ARM
		{E0B52AE7-E160-4D32-BF3F-910B785E5A8E}.Debug|x86.ActiveCfg = Debug|Win32
		{E0B52AE7-E160-4D32-BF3F-910B785E5A8E}.Debug|x86.Build.0 = Debug|Win32
		{E0B52AE7-E160-4D32-BF3F-910B785E5A8E}.Profile|ARM.ActiveCfg = Release|ARM
		{E0B52AE7-E160-4D32-BF3F-910B785E5A8E}.Profile|ARM.Build.0 = Release|ARM
		{E0B52AE7-E160-4D32-BF3F-910B785E5A8E}.Profile|x86.ActiveCfg = Release|Win32
		{E0B52AE7-E160-4D32-BF3F-910B785E5A8E}.Profile|x86.Build.0 = Release|Win32
		{E0B52AE7-E160-4D32-BF3F-910B785E5A8E}.Release|ARM.ActiveCfg = Release|ARM
		{E0B52AE7-E160-4D32-BF3F-910B785E5A8E}.Release|ARM.Build.0 = Release|ARM
		{E0B52AE7-E160-4D32-BF3F-910B785E5A8E}.Release|x86.ActiveCfg = Release|Win32
		{E0B52AE7-E160-4D32-BF3F-910B785E5A8E}.Release|x86.Build.0 = Release|Win32
	EndGlobalSection
	GlobalSection(SolutionProperties) = preSolution
		HideSolutionNode = FALSE
	EndGlobalSection
EndGlobal
