<?xml version="1.0" encoding="utf-8"?>
<Project ToolsVersion="4.0" xmlns="http://schemas.microsoft.com/developer/msbuild/2003">
  <ItemGroup>
    <Filter Include="Resources">
      <UniqueIdentifier>8b940c1b-9d5f-4484-9b5d-6abaa7c1b22d</UniqueIdentifier>
      <Extensions>rc;ico;cur;bmp;dlg;rc2;rct;bin;rgs;gif;jpg;jpeg;jpe;resx;tiff;tif;png;wav;mfcribbon-ms</Extensions>
    </Filter>
  </ItemGroup>
  <ItemGroup>
    <ClCompile Include="pch.cpp" />
    <ClCompile Include="DXUtils.h" />
    <ClCompile Include="GraphicsDevice.cpp" />
    <ClCompile Include="DynamicBitmap.cpp" />
    <ClCompile Include="StaticBitmap.cpp" />
    <ClCompile Include="TextFormat.cpp" />
    <ClCompile Include="AudioDevice.cpp" />
    <ClCompile Include="XInputDevice.cpp" />
    <ClCompile Include="TextLayout.cpp" />
  </ItemGroup>
  <ItemGroup>
    <ClInclude Include="pch.h" />
    <ClInclude Include="GraphicsDevice.h" />
    <ClInclude Include="D2DError.h" />
    <ClInclude Include="DynamicBitmap.h" />
    <ClInclude Include="StaticBitmap.h" />
    <ClInclude Include="D2DStructs.h" />
    <ClInclude Include="TextFormat.h" />
    <ClInclude Include="AudioDevice.h" />
    <ClInclude Include="XInputDevice.h" />
    <ClInclude Include="TextLayout.h" />
    <ClInclude Include="resource.h" />
  </ItemGroup>
  <ItemGroup>
    <ResourceCompile Include="Resources.rc">
      <Filter>Resources</Filter>
    </ResourceCompile>
  </ItemGroup>
</Project>