
Microsoft Visual Studio Solution File, Format Version 12.00
# Visual Studio 2013
VisualStudioVersion = 12.0.30501.0
MinimumVisualStudioVersion = 10.0.40219.1
Project("{FAE04EC0-301F-11D3-BF4B-00C04F79EFBC}") = "EMU7800.D2D", "EMU7800.D2D.Shell\WinRT_8.1\EMU7800.D2D.csproj", "{6AEB50A6-32B8-4109-ADCE-CE69D3A6FA25}"
EndProject
Project("{FAE04EC0-301F-11D3-BF4B-00C04F79EFBC}") = "EMU7800.Core.WinRT_8.1", "..\EMU7800.Core\EMU7800.Core.WinRT_8.1.csproj", "{4D70AEA7-7A93-445A-A1D8-6C30D9DD906D}"
EndProject
Project("{8BC9CEB8-8B4A-11D0-8D11-00A0C91BC942}") = "EMU7800.D2D.Interop", "EMU7800.D2D.Interop.WinRT\EMU7800.D2D.Interop.WinRT_8.1.vcxproj", "{D7A976A8-0D54-410E-8123-2EF21F5FC032}"
EndProject
Global
	GlobalSection(SolutionConfigurationPlatforms) = preSolution
		Debug|ARM = Debug|ARM
		Debug|x64 = Debug|x64
		Debug|x86 = Debug|x86
		Profile|ARM = Profile|ARM
		Profile|x64 = Profile|x64
		Profile|x86 = Profile|x86
		Release|ARM = Release|ARM
		Release|x64 = Release|x64
		Release|x86 = Release|x86
	EndGlobalSection
	GlobalSection(ProjectConfigurationPlatforms) = postSolution
		{6AEB50A6-32B8-4109-ADCE-CE69D3A6FA25}.Debug|ARM.ActiveCfg = Debug|ARM
		{6AEB50A6-32B8-4109-ADCE-CE69D3A6FA25}.Debug|ARM.Build.0 = Debug|ARM
		{6AEB50A6-32B8-4109-ADCE-CE69D3A6FA25}.Debug|ARM.Deploy.0 = Debug|ARM
		{6AEB50A6-32B8-4109-ADCE-CE69D3A6FA25}.Debug|x64.ActiveCfg = Debug|x64
		{6AEB50A6-32B8-4109-ADCE-CE69D3A6FA25}.Debug|x64.Build.0 = Debug|x64
		{6AEB50A6-32B8-4109-ADCE-CE69D3A6FA25}.Debug|x64.Deploy.0 = Debug|x64
		{6AEB50A6-32B8-4109-ADCE-CE69D3A6FA25}.Debug|x86.ActiveCfg = Debug|x86
		{6AEB50A6-32B8-4109-ADCE-CE69D3A6FA25}.Debug|x86.Build.0 = Debug|x86
		{6AEB50A6-32B8-4109-ADCE-CE69D3A6FA25}.Debug|x86.Deploy.0 = Debug|x86
		{6AEB50A6-32B8-4109-ADCE-CE69D3A6FA25}.Profile|ARM.ActiveCfg = Profile|ARM
		{6AEB50A6-32B8-4109-ADCE-CE69D3A6FA25}.Profile|ARM.Build.0 = Profile|ARM
		{6AEB50A6-32B8-4109-ADCE-CE69D3A6FA25}.Profile|ARM.Deploy.0 = Profile|ARM
		{6AEB50A6-32B8-4109-ADCE-CE69D3A6FA25}.Profile|x64.ActiveCfg = Profile|x64
		{6AEB50A6-32B8-4109-ADCE-CE69D3A6FA25}.Profile|x64.Build.0 = Profile|x64
		{6AEB50A6-32B8-4109-ADCE-CE69D3A6FA25}.Profile|x64.Deploy.0 = Profile|x64
		{6AEB50A6-32B8-4109-ADCE-CE69D3A6FA25}.Profile|x86.ActiveCfg = Profile|x86
		{6AEB50A6-32B8-4109-ADCE-CE69D3A6FA25}.Profile|x86.Build.0 = Profile|x86
		{6AEB50A6-32B8-4109-ADCE-CE69D3A6FA25}.Profile|x86.Deploy.0 = Profile|x86
		{6AEB50A6-32B8-4109-ADCE-CE69D3A6FA25}.Release|ARM.ActiveCfg = Release|ARM
		{6AEB50A6-32B8-4109-ADCE-CE69D3A6FA25}.Release|ARM.Build.0 = Release|ARM
		{6AEB50A6-32B8-4109-ADCE-CE69D3A6FA25}.Release|ARM.Deploy.0 = Release|ARM
		{6AEB50A6-32B8-4109-ADCE-CE69D3A6FA25}.Release|x64.ActiveCfg = Release|x64
		{6AEB50A6-32B8-4109-ADCE-CE69D3A6FA25}.Release|x64.Build.0 = Release|x64
		{6AEB50A6-32B8-4109-ADCE-CE69D3A6FA25}.Release|x64.Deploy.0 = Release|x64
		{6AEB50A6-32B8-4109-ADCE-CE69D3A6FA25}.Release|x86.ActiveCfg = Release|x86
		{6AEB50A6-32B8-4109-ADCE-CE69D3A6FA25}.Release|x86.Build.0 = Release|x86
		{6AEB50A6-32B8-4109-ADCE-CE69D3A6FA25}.Release|x86.Deploy.0 = Release|x86
		{4D70AEA7-7A93-445A-A1D8-6C30D9DD906D}.Debug|ARM.ActiveCfg = Debug|ARM
		{4D70AEA7-7A93-445A-A1D8-6C30D9DD906D}.Debug|ARM.Build.0 = Debug|ARM
		{4D70AEA7-7A93-445A-A1D8-6C30D9DD906D}.Debug|x64.ActiveCfg = Debug|x64
		{4D70AEA7-7A93-445A-A1D8-6C30D9DD906D}.Debug|x64.Build.0 = Debug|x64
		{4D70AEA7-7A93-445A-A1D8-6C30D9DD906D}.Debug|x86.ActiveCfg = Debug|x86
		{4D70AEA7-7A93-445A-A1D8-6C30D9DD906D}.Debug|x86.Build.0 = Debug|x86
		{4D70AEA7-7A93-445A-A1D8-6C30D9DD906D}.Profile|ARM.ActiveCfg = Release|ARM
		{4D70AEA7-7A93-445A-A1D8-6C30D9DD906D}.Profile|ARM.Build.0 = Release|ARM
		{4D70AEA7-7A93-445A-A1D8-6C30D9DD906D}.Profile|x64.ActiveCfg = Release|x64
		{4D70AEA7-7A93-445A-A1D8-6C30D9DD906D}.Profile|x64.Build.0 = Release|x64
		{4D70AEA7-7A93-445A-A1D8-6C30D9DD906D}.Profile|x86.ActiveCfg = Release|x86
		{4D70AEA7-7A93-445A-A1D8-6C30D9DD906D}.Profile|x86.Build.0 = Release|x86
		{4D70AEA7-7A93-445A-A1D8-6C30D9DD906D}.Release|ARM.ActiveCfg = Release|ARM
		{4D70AEA7-7A93-445A-A1D8-6C30D9DD906D}.Release|ARM.Build.0 = Release|ARM
		{4D70AEA7-7A93-445A-A1D8-6C30D9DD906D}.Release|x64.ActiveCfg = Release|x64
		{4D70AEA7-7A93-445A-A1D8-6C30D9DD906D}.Release|x64.Build.0 = Release|x64
		{4D70AEA7-7A93-445A-A1D8-6C30D9DD906D}.Release|x86.ActiveCfg = Release|x86
		{4D70AEA7-7A93-445A-A1D8-6C30D9DD906D}.Release|x86.Build.0 = Release|x86
		{D7A976A8-0D54-410E-8123-2EF21F5FC032}.Debug|ARM.ActiveCfg = Debug|ARM
		{D7A976A8-0D54-410E-8123-2EF21F5FC032}.Debug|ARM.Build.0 = Debug|ARM
		{D7A976A8-0D54-410E-8123-2EF21F5FC032}.Debug|x64.ActiveCfg = Debug|x64
		{D7A976A8-0D54-410E-8123-2EF21F5FC032}.Debug|x64.Build.0 = Debug|x64
		{D7A976A8-0D54-410E-8123-2EF21F5FC032}.Debug|x86.ActiveCfg = Debug|Win32
		{D7A976A8-0D54-410E-8123-2EF21F5FC032}.Debug|x86.Build.0 = Debug|Win32
		{D7A976A8-0D54-410E-8123-2EF21F5FC032}.Profile|ARM.ActiveCfg = Profile|ARM
		{D7A976A8-0D54-410E-8123-2EF21F5FC032}.Profile|ARM.Build.0 = Profile|ARM
		{D7A976A8-0D54-410E-8123-2EF21F5FC032}.Profile|x64.ActiveCfg = Profile|x64
		{D7A976A8-0D54-410E-8123-2EF21F5FC032}.Profile|x64.Build.0 = Profile|x64
		{D7A976A8-0D54-410E-8123-2EF21F5FC032}.Profile|x86.ActiveCfg = Profile|Win32
		{D7A976A8-0D54-410E-8123-2EF21F5FC032}.Profile|x86.Build.0 = Profile|Win32
		{D7A976A8-0D54-410E-8123-2EF21F5FC032}.Release|ARM.ActiveCfg = Release|ARM
		{D7A976A8-0D54-410E-8123-2EF21F5FC032}.Release|ARM.Build.0 = Release|ARM
		{D7A976A8-0D54-410E-8123-2EF21F5FC032}.Release|x64.ActiveCfg = Release|x64
		{D7A976A8-0D54-410E-8123-2EF21F5FC032}.Release|x64.Build.0 = Release|x64
		{D7A976A8-0D54-410E-8123-2EF21F5FC032}.Release|x86.ActiveCfg = Release|Win32
		{D7A976A8-0D54-410E-8123-2EF21F5FC032}.Release|x86.Build.0 = Release|Win32
	EndGlobalSection
	GlobalSection(SolutionProperties) = preSolution
		HideSolutionNode = FALSE
	EndGlobalSection
EndGlobal
