
Microsoft Visual Studio Solution File, Format Version 12.00
# Visual Studio 14
VisualStudioVersion = 14.0.23107.0
MinimumVisualStudioVersion = 10.0.40219.1
Project("{FAE04EC0-301F-11D3-BF4B-00C04F79EFBC}") = "EMU7800.D2D", "EMU7800.D2D.Shell\WinRT_8.1\EMU7800.D2D.csproj", "{6AEB50A6-32B8-4109-ADCE-CE69D3A6FA25}"
	ProjectSection(ProjectDependencies) = postProject
		{D7A976A8-0D54-410E-8123-2EF21F5FC032} = {D7A976A8-0D54-410E-8123-2EF21F5FC032}
	EndProjectSection
EndProject
Project("{8BC9CEB8-8B4A-11D0-8D11-00A0C91BC942}") = "EMU7800.D2D.Interop", "EMU7800.D2D.Interop.WinRT\EMU7800.D2D.Interop.WinRT_8.1.vcxproj", "{D7A976A8-0D54-410E-8123-2EF21F5FC032}"
EndProject
Project("{D954291E-2A0B-460D-934E-DC6B0785DB48}") = "EMU7800.Core.Shared", "..\EMU7800.Core\EMU7800.Core.Shared.shproj", "{9304275B-BF2E-47F6-B223-140B4B7AA32B}"
EndProject
Project("{D954291E-2A0B-460D-934E-DC6B0785DB48}") = "EMU7800.D2D.Shared", "EMU7800.D2D.Shell\EMU7800.D2D.Shared.shproj", "{9866CFF5-65E5-4269-89D2-16963A05D523}"
EndProject
Global
	GlobalSection(SharedMSBuildProjectFiles) = preSolution
		EMU7800.D2D.Shell\EMU7800.D2D.Shared.projitems*{6aeb50a6-32b8-4109-adce-ce69d3a6fa25}*SharedItemsImports = 4
		..\EMU7800.Core\EMU7800.Core.Shared.projitems*{6aeb50a6-32b8-4109-adce-ce69d3a6fa25}*SharedItemsImports = 4
		EMU7800.D2D.Shell\EMU7800.D2D.Shared.projitems*{9866cff5-65e5-4269-89d2-16963a05d523}*SharedItemsImports = 13
		..\EMU7800.Core\EMU7800.Core.Shared.projitems*{9304275b-bf2e-47f6-b223-140b4b7aa32b}*SharedItemsImports = 13
	EndGlobalSection
	GlobalSection(SolutionConfigurationPlatforms) = preSolution
		Debug|ARM = Debug|ARM
		Debug|x64 = Debug|x64
		Debug|x86 = Debug|x86
		Profile|ARM = Profile|ARM
		Profile|x64 = Profile|x64
		Profile|x86 = Profile|x86
		Release|ARM = Release|ARM
		Release|x64 = Release|x64
		Release|x86 = Release|x86
	EndGlobalSection
	GlobalSection(ProjectConfigurationPlatforms) = postSolution
		{6AEB50A6-32B8-4109-ADCE-CE69D3A6FA25}.Debug|ARM.ActiveCfg = Debug|ARM
		{6AEB50A6-32B8-4109-ADCE-CE69D3A6FA25}.Debug|ARM.Build.0 = Debug|ARM
		{6AEB50A6-32B8-4109-ADCE-CE69D3A6FA25}.Debug|ARM.Deploy.0 = Debug|ARM
		{6AEB50A6-32B8-4109-ADCE-CE69D3A6FA25}.Debug|x64.ActiveCfg = Debug|x64
		{6AEB50A6-32B8-4109-ADCE-CE69D3A6FA25}.Debug|x64.Build.0 = Debug|x64
		{6AEB50A6-32B8-4109-ADCE-CE69D3A6FA25}.Debug|x64.Deploy.0 = Debug|x64
		{6AEB50A6-32B8-4109-ADCE-CE69D3A6FA25}.Debug|x86.ActiveCfg = Debug|x86
		{6AEB50A6-32B8-4109-ADCE-CE69D3A6FA25}.Debug|x86.Build.0 = Debug|x86
		{6AEB50A6-32B8-4109-ADCE-CE69D3A6FA25}.Debug|x86.Deploy.0 = Debug|x86
		{6AEB50A6-32B8-4109-ADCE-CE69D3A6FA25}.Profile|ARM.ActiveCfg = Profile|ARM
		{6AEB50A6-32B8-4109-ADCE-CE69D3A6FA25}.Profile|ARM.Build.0 = Profile|ARM
		{6AEB50A6-32B8-4109-ADCE-CE69D3A6FA25}.Profile|ARM.Deploy.0 = Profile|ARM
		{6AEB50A6-32B8-4109-ADCE-CE69D3A6FA25}.Profile|x64.ActiveCfg = Profile|x64
		{6AEB50A6-32B8-4109-ADCE-CE69D3A6FA25}.Profile|x64.Build.0 = Profile|x64
		{6AEB50A6-32B8-4109-ADCE-CE69D3A6FA25}.Profile|x64.Deploy.0 = Profile|x64
		{6AEB50A6-32B8-4109-ADCE-CE69D3A6FA25}.Profile|x86.ActiveCfg = Profile|x86
		{6AEB50A6-32B8-4109-ADCE-CE69D3A6FA25}.Profile|x86.Build.0 = Profile|x86
		{6AEB50A6-32B8-4109-ADCE-CE69D3A6FA25}.Profile|x86.Deploy.0 = Profile|x86
		{6AEB50A6-32B8-4109-ADCE-CE69D3A6FA25}.Release|ARM.ActiveCfg = Release|ARM
		{6AEB50A6-32B8-4109-ADCE-CE69D3A6FA25}.Release|ARM.Build.0 = Release|ARM
		{6AEB50A6-32B8-4109-ADCE-CE69D3A6FA25}.Release|ARM.Deploy.0 = Release|ARM
		{6AEB50A6-32B8-4109-ADCE-CE69D3A6FA25}.Release|x64.ActiveCfg = Release|x64
		{6AEB50A6-32B8-4109-ADCE-CE69D3A6FA25}.Release|x64.Build.0 = Release|x64
		{6AEB50A6-32B8-4109-ADCE-CE69D3A6FA25}.Release|x64.Deploy.0 = Release|x64
		{6AEB50A6-32B8-4109-ADCE-CE69D3A6FA25}.Release|x86.ActiveCfg = Release|x86
		{6AEB50A6-32B8-4109-ADCE-CE69D3A6FA25}.Release|x86.Build.0 = Release|x86
		{6AEB50A6-32B8-4109-ADCE-CE69D3A6FA25}.Release|x86.Deploy.0 = Release|x86
		{D7A976A8-0D54-410E-8123-2EF21F5FC032}.Debug|ARM.ActiveCfg = Debug|ARM
		{D7A976A8-0D54-410E-8123-2EF21F5FC032}.Debug|ARM.Build.0 = Debug|ARM
		{D7A976A8-0D54-410E-8123-2EF21F5FC032}.Debug|x64.ActiveCfg = Debug|x64
		{D7A976A8-0D54-410E-8123-2EF21F5FC032}.Debug|x64.Build.0 = Debug|x64
		{D7A976A8-0D54-410E-8123-2EF21F5FC032}.Debug|x86.ActiveCfg = Debug|Win32
		{D7A976A8-0D54-410E-8123-2EF21F5FC032}.Debug|x86.Build.0 = Debug|Win32
		{D7A976A8-0D54-410E-8123-2EF21F5FC032}.Profile|ARM.ActiveCfg = Profile|ARM
		{D7A976A8-0D54-410E-8123-2EF21F5FC032}.Profile|ARM.Build.0 = Profile|ARM
		{D7A976A8-0D54-410E-8123-2EF21F5FC032}.Profile|x64.ActiveCfg = Profile|x64
		{D7A976A8-0D54-410E-8123-2EF21F5FC032}.Profile|x64.Build.0 = Profile|x64
		{D7A976A8-0D54-410E-8123-2EF21F5FC032}.Profile|x86.ActiveCfg = Profile|Win32
		{D7A976A8-0D54-410E-8123-2EF21F5FC032}.Profile|x86.Build.0 = Profile|Win32
		{D7A976A8-0D54-410E-8123-2EF21F5FC032}.Release|ARM.ActiveCfg = Release|ARM
		{D7A976A8-0D54-410E-8123-2EF21F5FC032}.Release|ARM.Build.0 = Release|ARM
		{D7A976A8-0D54-410E-8123-2EF21F5FC032}.Release|x64.ActiveCfg = Release|x64
		{D7A976A8-0D54-410E-8123-2EF21F5FC032}.Release|x64.Build.0 = Release|x64
		{D7A976A8-0D54-410E-8123-2EF21F5FC032}.Release|x86.ActiveCfg = Release|Win32
		{D7A976A8-0D54-410E-8123-2EF21F5FC032}.Release|x86.Build.0 = Release|Win32
	EndGlobalSection
	GlobalSection(SolutionProperties) = preSolution
		HideSolutionNode = FALSE
	EndGlobalSection
EndGlobal
