
Microsoft Visual Studio Solution File, Format Version 12.00
# Visual Studio Version 16
VisualStudioVersion = 16.0.30709.64
MinimumVisualStudioVersion = 10.0.40219.1
Project("{9A19103F-16F7-4668-BE54-9A1E7A4F7556}") = "EMU7800.Core", "EMU7800.Core.csproj", "{C26E98CF-3C75-4D49-B33A-380B09AF3ABE}"
EndProject
Global
	GlobalSection(SolutionConfigurationPlatforms) = preSolution
		Debug|Any CPU = Debug|Any CPU
		Release|Any CPU = Release|Any CPU
	EndGlobalSection
	GlobalSection(ProjectConfigurationPlatforms) = postSolution
		{C26E98CF-3C75-4D49-B33A-380B09AF3ABE}.Debug|Any CPU.ActiveCfg = Debug|Any CPU
		{C26E98CF-3C75-4D49-B33A-380B09AF3ABE}.Debug|Any CPU.Build.0 = Debug|Any CPU
		{C26E98CF-3C75-4D49-B33A-380B09AF3ABE}.Release|Any CPU.ActiveCfg = Release|Any CPU
		{C26E98CF-3C75-4D49-B33A-380B09AF3ABE}.Release|Any CPU.Build.0 = Release|Any CPU
	EndGlobalSection
	GlobalSection(SolutionProperties) = preSolution
		HideSolutionNode = FALSE
	EndGlobalSection
	GlobalSection(ExtensibilityGlobals) = postSolution
		SolutionGuid = {8B884D09-EAC5-4868-A8F6-B09E35940D16}
	EndGlobalSection
EndGlobal
