
Microsoft Visual Studio Solution File, Format Version 12.00
# Visual Studio Version 16
VisualStudioVersion = 16.0.30709.64
MinimumVisualStudioVersion = 10.0.40219.1
Project("{9A19103F-16F7-4668-BE54-9A1E7A4F7556}") = "EMU7800.Core", "core\EMU7800.Core.csproj", "{1D33AB2D-FC36-4987-8628-CACD56A590C1}"
EndProject
Project("{9A19103F-16F7-4668-BE54-9A1E7A4F7556}") = "EMU7800.Assets", "assets\EMU7800.Assets.csproj", "{EB4437D9-8F5A-4392-9D12-3F07FE43E0E2}"
EndProject
Project("{8BC9CEB8-8B4A-11D0-8D11-00A0C91BC942}") = "EMU7800.Win32.Interop.CppCli", "win32.interop.cppcli\EMU7800.Win32.Interop.CppCli.vcxproj", "{6199F126-6489-4778-A320-4712BE423520}"
EndProject
Project("{9A19103F-16F7-4668-BE54-9A1E7A4F7556}") = "EMU7800.Win32.Interop", "win32.interop\EMU7800.Win32.Interop.csproj", "{7D6CB166-D902-4F62-8D49-C79E19814052}"
EndProject
Project("{8BC9CEB8-8B4A-11D0-8D11-00A0C91BC942}") = "EMU7800.Win32.Interop.Unmanaged", "win32.interop.unmanaged\EMU7800.Win32.Interop.Unmanaged.vcxproj", "{AFFDCE3B-A772-4BC6-BBBC-4F9BA5BB6681}"
EndProject
Project("{9A19103F-16F7-4668-BE54-9A1E7A4F7556}") = "EMU7800.Shell", "shell\EMU7800.Shell.csproj", "{262B5785-646F-4E60-BD8F-1B35C5625469}"
EndProject
Project("{9A19103F-16F7-4668-BE54-9A1E7A4F7556}") = "EMU7800", "win32\EMU7800.csproj", "{FB0678D3-C81A-4057-A8A7-6F6D547800EB}"
EndProject
Global
	GlobalSection(SolutionConfigurationPlatforms) = preSolution
		Debug|Any CPU = Debug|Any CPU
		Debug|x64 = Debug|x64
		Profile|Any CPU = Profile|Any CPU
		Profile|x64 = Profile|x64
		Release|Any CPU = Release|Any CPU
		Release|x64 = Release|x64
	EndGlobalSection
	GlobalSection(ProjectConfigurationPlatforms) = postSolution
		{1D33AB2D-FC36-4987-8628-CACD56A590C1}.Debug|Any CPU.ActiveCfg = Debug|Any CPU
		{1D33AB2D-FC36-4987-8628-CACD56A590C1}.Debug|Any CPU.Build.0 = Debug|Any CPU
		{1D33AB2D-FC36-4987-8628-CACD56A590C1}.Debug|x64.ActiveCfg = Debug|Any CPU
		{1D33AB2D-FC36-4987-8628-CACD56A590C1}.Debug|x64.Build.0 = Debug|Any CPU
		{1D33AB2D-FC36-4987-8628-CACD56A590C1}.Profile|Any CPU.ActiveCfg = Debug|Any CPU
		{1D33AB2D-FC36-4987-8628-CACD56A590C1}.Profile|Any CPU.Build.0 = Debug|Any CPU
		{1D33AB2D-FC36-4987-8628-CACD56A590C1}.Profile|x64.ActiveCfg = Debug|Any CPU
		{1D33AB2D-FC36-4987-8628-CACD56A590C1}.Profile|x64.Build.0 = Debug|Any CPU
		{1D33AB2D-FC36-4987-8628-CACD56A590C1}.Release|Any CPU.ActiveCfg = Release|Any CPU
		{1D33AB2D-FC36-4987-8628-CACD56A590C1}.Release|Any CPU.Build.0 = Release|Any CPU
		{1D33AB2D-FC36-4987-8628-CACD56A590C1}.Release|x64.ActiveCfg = Release|Any CPU
		{1D33AB2D-FC36-4987-8628-CACD56A590C1}.Release|x64.Build.0 = Release|Any CPU
		{EB4437D9-8F5A-4392-9D12-3F07FE43E0E2}.Debug|Any CPU.ActiveCfg = Debug|Any CPU
		{EB4437D9-8F5A-4392-9D12-3F07FE43E0E2}.Debug|Any CPU.Build.0 = Debug|Any CPU
		{EB4437D9-8F5A-4392-9D12-3F07FE43E0E2}.Debug|x64.ActiveCfg = Debug|Any CPU
		{EB4437D9-8F5A-4392-9D12-3F07FE43E0E2}.Debug|x64.Build.0 = Debug|Any CPU
		{EB4437D9-8F5A-4392-9D12-3F07FE43E0E2}.Profile|Any CPU.ActiveCfg = Debug|Any CPU
		{EB4437D9-8F5A-4392-9D12-3F07FE43E0E2}.Profile|Any CPU.Build.0 = Debug|Any CPU
		{EB4437D9-8F5A-4392-9D12-3F07FE43E0E2}.Profile|x64.ActiveCfg = Debug|Any CPU
		{EB4437D9-8F5A-4392-9D12-3F07FE43E0E2}.Profile|x64.Build.0 = Debug|Any CPU
		{EB4437D9-8F5A-4392-9D12-3F07FE43E0E2}.Release|Any CPU.ActiveCfg = Release|Any CPU
		{EB4437D9-8F5A-4392-9D12-3F07FE43E0E2}.Release|Any CPU.Build.0 = Release|Any CPU
		{EB4437D9-8F5A-4392-9D12-3F07FE43E0E2}.Release|x64.ActiveCfg = Release|Any CPU
		{EB4437D9-8F5A-4392-9D12-3F07FE43E0E2}.Release|x64.Build.0 = Release|Any CPU
		{6199F126-6489-4778-A320-4712BE423520}.Debug|Any CPU.ActiveCfg = Debug|x64
		{6199F126-6489-4778-A320-4712BE423520}.Debug|x64.ActiveCfg = Debug|x64
		{6199F126-6489-4778-A320-4712BE423520}.Debug|x64.Build.0 = Debug|x64
		{6199F126-6489-4778-A320-4712BE423520}.Profile|Any CPU.ActiveCfg = Profile|x64
		{6199F126-6489-4778-A320-4712BE423520}.Profile|x64.ActiveCfg = Profile|x64
		{6199F126-6489-4778-A320-4712BE423520}.Profile|x64.Build.0 = Profile|x64
		{6199F126-6489-4778-A320-4712BE423520}.Release|Any CPU.ActiveCfg = Release|x64
		{6199F126-6489-4778-A320-4712BE423520}.Release|x64.ActiveCfg = Release|x64
		{6199F126-6489-4778-A320-4712BE423520}.Release|x64.Build.0 = Release|x64
		{7D6CB166-D902-4F62-8D49-C79E19814052}.Debug|Any CPU.ActiveCfg = Debug|Any CPU
		{7D6CB166-D902-4F62-8D49-C79E19814052}.Debug|Any CPU.Build.0 = Debug|Any CPU
		{7D6CB166-D902-4F62-8D49-C79E19814052}.Debug|x64.ActiveCfg = Debug|Any CPU
		{7D6CB166-D902-4F62-8D49-C79E19814052}.Debug|x64.Build.0 = Debug|Any CPU
		{7D6CB166-D902-4F62-8D49-C79E19814052}.Profile|Any CPU.ActiveCfg = Debug|Any CPU
		{7D6CB166-D902-4F62-8D49-C79E19814052}.Profile|Any CPU.Build.0 = Debug|Any CPU
		{7D6CB166-D902-4F62-8D49-C79E19814052}.Profile|x64.ActiveCfg = Debug|Any CPU
		{7D6CB166-D902-4F62-8D49-C79E19814052}.Profile|x64.Build.0 = Debug|Any CPU
		{7D6CB166-D902-4F62-8D49-C79E19814052}.Release|Any CPU.ActiveCfg = Release|Any CPU
		{7D6CB166-D902-4F62-8D49-C79E19814052}.Release|Any CPU.Build.0 = Release|Any CPU
		{7D6CB166-D902-4F62-8D49-C79E19814052}.Release|x64.ActiveCfg = Release|Any CPU
		{7D6CB166-D902-4F62-8D49-C79E19814052}.Release|x64.Build.0 = Release|Any CPU
		{AFFDCE3B-A772-4BC6-BBBC-4F9BA5BB6681}.Debug|Any CPU.ActiveCfg = Debug|x64
		{AFFDCE3B-A772-4BC6-BBBC-4F9BA5BB6681}.Debug|x64.ActiveCfg = Debug|x64
		{AFFDCE3B-A772-4BC6-BBBC-4F9BA5BB6681}.Debug|x64.Build.0 = Debug|x64
		{AFFDCE3B-A772-4BC6-BBBC-4F9BA5BB6681}.Profile|Any CPU.ActiveCfg = Debug|x64
		{AFFDCE3B-A772-4BC6-BBBC-4F9BA5BB6681}.Profile|Any CPU.Build.0 = Debug|x64
		{AFFDCE3B-A772-4BC6-BBBC-4F9BA5BB6681}.Profile|x64.ActiveCfg = Debug|x64
		{AFFDCE3B-A772-4BC6-BBBC-4F9BA5BB6681}.Profile|x64.Build.0 = Debug|x64
		{AFFDCE3B-A772-4BC6-BBBC-4F9BA5BB6681}.Release|Any CPU.ActiveCfg = Release|x64
		{AFFDCE3B-A772-4BC6-BBBC-4F9BA5BB6681}.Release|x64.ActiveCfg = Release|x64
		{AFFDCE3B-A772-4BC6-BBBC-4F9BA5BB6681}.Release|x64.Build.0 = Release|x64
		{262B5785-646F-4E60-BD8F-1B35C5625469}.Debug|Any CPU.ActiveCfg = Debug|Any CPU
		{262B5785-646F-4E60-BD8F-1B35C5625469}.Debug|Any CPU.Build.0 = Debug|Any CPU
		{262B5785-646F-4E60-BD8F-1B35C5625469}.Debug|x64.ActiveCfg = Debug|Any CPU
		{262B5785-646F-4E60-BD8F-1B35C5625469}.Debug|x64.Build.0 = Debug|Any CPU
		{262B5785-646F-4E60-BD8F-1B35C5625469}.Profile|Any CPU.ActiveCfg = Debug|Any CPU
		{262B5785-646F-4E60-BD8F-1B35C5625469}.Profile|Any CPU.Build.0 = Debug|Any CPU
		{262B5785-646F-4E60-BD8F-1B35C5625469}.Profile|x64.ActiveCfg = Debug|Any CPU
		{262B5785-646F-4E60-BD8F-1B35C5625469}.Profile|x64.Build.0 = Debug|Any CPU
		{262B5785-646F-4E60-BD8F-1B35C5625469}.Release|Any CPU.ActiveCfg = Release|Any CPU
		{262B5785-646F-4E60-BD8F-1B35C5625469}.Release|Any CPU.Build.0 = Release|Any CPU
		{262B5785-646F-4E60-BD8F-1B35C5625469}.Release|x64.ActiveCfg = Release|Any CPU
		{262B5785-646F-4E60-BD8F-1B35C5625469}.Release|x64.Build.0 = Release|Any CPU
		{FB0678D3-C81A-4057-A8A7-6F6D547800EB}.Debug|Any CPU.ActiveCfg = Debug|Any CPU
		{FB0678D3-C81A-4057-A8A7-6F6D547800EB}.Debug|Any CPU.Build.0 = Debug|Any CPU
		{FB0678D3-C81A-4057-A8A7-6F6D547800EB}.Debug|x64.ActiveCfg = Debug|Any CPU
		{FB0678D3-C81A-4057-A8A7-6F6D547800EB}.Debug|x64.Build.0 = Debug|Any CPU
		{FB0678D3-C81A-4057-A8A7-6F6D547800EB}.Profile|Any CPU.ActiveCfg = Debug|Any CPU
		{FB0678D3-C81A-4057-A8A7-6F6D547800EB}.Profile|Any CPU.Build.0 = Debug|Any CPU
		{FB0678D3-C81A-4057-A8A7-6F6D547800EB}.Profile|x64.ActiveCfg = Debug|Any CPU
		{FB0678D3-C81A-4057-A8A7-6F6D547800EB}.Profile|x64.Build.0 = Debug|Any CPU
		{FB0678D3-C81A-4057-A8A7-6F6D547800EB}.Release|Any CPU.ActiveCfg = Release|Any CPU
		{FB0678D3-C81A-4057-A8A7-6F6D547800EB}.Release|Any CPU.Build.0 = Release|Any CPU
		{FB0678D3-C81A-4057-A8A7-6F6D547800EB}.Release|x64.ActiveCfg = Release|Any CPU
		{FB0678D3-C81A-4057-A8A7-6F6D547800EB}.Release|x64.Build.0 = Release|Any CPU
	EndGlobalSection
	GlobalSection(SolutionProperties) = preSolution
		HideSolutionNode = FALSE
	EndGlobalSection
	GlobalSection(ExtensibilityGlobals) = postSolution
		SolutionGuid = {AEF5B41B-1375-44A3-97C0-7E7139E8AAAB}
	EndGlobalSection
EndGlobal
